// !$*UTF8*$!
{
	archiveVersion = 1;
	classes = {
	};
	objectVersion = 46;
	objects = {

/* Begin PBXBuildFile section */
		CEC100141F1DBA0200729E15 /* main.m in Sources */ = {isa = PBXBuildFile; fileRef = CEC100131F1DBA0200729E15 /* main.m */; };
		CEC100171F1DBA0200729E15 /* AppDelegate.m in Sources */ = {isa = PBXBuildFile; fileRef = CEC100161F1DBA0200729E15 /* AppDelegate.m */; };
		CEC1001A1F1DBA0200729E15 /* ViewController.m in Sources */ = {isa = PBXBuildFile; fileRef = CEC100191F1DBA0200729E15 /* ViewController.m */; };
		CEC1001D1F1DBA0200729E15 /* Main.storyboard in Resources */ = {isa = PBXBuildFile; fileRef = CEC1001B1F1DBA0200729E15 /* Main.storyboard */; };
		CEC1001F1F1DBA0200729E15 /* Assets.xcassets in Resources */ = {isa = PBXBuildFile; fileRef = CEC1001E1F1DBA0200729E15 /* Assets.xcassets */; };
		CEC100221F1DBA0200729E15 /* LaunchScreen.storyboard in Resources */ = {isa = PBXBuildFile; fileRef = CEC100201F1DBA0200729E15 /* LaunchScreen.storyboard */; };
		CEC1002B1F1DBA0C00729E15 /* RSSwizzle.m in Sources */ = {isa = PBXBuildFile; fileRef = CEC1002A1F1DBA0C00729E15 /* RSSwizzle.m */; };
		CEC100301F1DBA1C00729E15 /* Person.m in Sources */ = {isa = PBXBuildFile; fileRef = CEC1002D1F1DBA1C00729E15 /* Person.m */; };
		CEC100311F1DBA1C00729E15 /* Student.m in Sources */ = {isa = PBXBuildFile; fileRef = CEC1002F1F1DBA1C00729E15 /* Student.m */; };
		CEC100341F1DBA7300729E15 /* Student+Swizzle.m in Sources */ = {isa = PBXBuildFile; fileRef = CEC100331F1DBA7300729E15 /* Student+Swizzle.m */; };
/* End PBXBuildFile section */

/* Begin PBXFileReference section */
		CEC1000F1F1DBA0200729E15 /* RSSwizzleDemo.app */ = {isa = PBXFileReference; explicitFileType = wrapper.application; includeInIndex = 0; path = RSSwizzleDemo.app; sourceTree = BUILT_PRODUCTS_DIR; };
		CEC100131F1DBA0200729E15 /* main.m */ = {isa = PBXFileReference; lastKnownFileType = sourcecode.c.objc; path = main.m; sourceTree = "<group>"; };
		CEC100151F1DBA0200729E15 /* AppDelegate.h */ = {isa = PBXFileReference; lastKnownFileType = sourcecode.c.h; path = AppDelegate.h; sourceTree = "<group>"; };
		CEC100161F1DBA0200729E15 /* AppDelegate.m */ = {isa = PBXFileReference; lastKnownFileType = sourcecode.c.objc; path = AppDelegate.m; sourceTree = "<group>"; };
		CEC100181F1DBA0200729E15 /* ViewController.h */ = {isa = PBXFileReference; lastKnownFileType = sourcecode.c.h; path = ViewController.h; sourceTree = "<group>"; };
		CEC100191F1DBA0200729E15 /* ViewController.m */ = {isa = PBXFileReference; lastKnownFileType = sourcecode.c.objc; path = ViewController.m; sourceTree = "<group>"; };
		CEC1001C1F1DBA0200729E15 /* Base */ = {isa = PBXFileReference; lastKnownFileType = file.storyboard; name = Base; path = Base.lproj/Main.storyboard; sourceTree = "<group>"; };
		CEC1001E1F1DBA0200729E15 /* Assets.xcassets */ = {isa = PBXFileReference; lastKnownFileType = folder.assetcatalog; path = Assets.xcassets; sourceTree = "<group>"; };
		CEC100211F1DBA0200729E15 /* Base */ = {isa = PBXFileReference; lastKnownFileType = file.storyboard; name = Base; path = Base.lproj/LaunchScreen.storyboard; sourceTree = "<group>"; };
		CEC100231F1DBA0200729E15 /* Info.plist */ = {isa = PBXFileReference; lastKnownFileType = text.plist.xml; path = Info.plist; sourceTree = "<group>"; };
		CEC100291F1DBA0C00729E15 /* RSSwizzle.h */ = {isa = PBXFileReference; fileEncoding = 4; lastKnownFileType = sourcecode.c.h; path = RSSwizzle.h; sourceTree = "<group>"; };
		CEC1002A1F1DBA0C00729E15 /* RSSwizzle.m */ = {isa = PBXFileReference; fileEncoding = 4; lastKnownFileType = sourcecode.c.objc; path = RSSwizzle.m; sourceTree = "<group>"; };
		CEC1002C1F1DBA1C00729E15 /* Person.h */ = {isa = PBXFileReference; fileEncoding = 4; lastKnownFileType = sourcecode.c.h; path = Person.h; sourceTree = "<group>"; };
		CEC1002D1F1DBA1C00729E15 /* Person.m */ = {isa = PBXFileReference; fileEncoding = 4; lastKnownFileType = sourcecode.c.objc; path = Person.m; sourceTree = "<group>"; };
		CEC1002E1F1DBA1C00729E15 /* Student.h */ = {isa = PBXFileReference; fileEncoding = 4; lastKnownFileType = sourcecode.c.h; path = Student.h; sourceTree = "<group>"; };
		CEC1002F1F1DBA1C00729E15 /* Student.m */ = {isa = PBXFileReference; fileEncoding = 4; lastKnownFileType = sourcecode.c.objc; path = Student.m; sourceTree = "<group>"; };
		CEC100321F1DBA7300729E15 /* Student+Swizzle.h */ = {isa = PBXFileReference; fileEncoding = 4; lastKnownFileType = sourcecode.c.h; path = "Student+Swizzle.h"; sourceTree = "<group>"; };
		CEC100331F1DBA7300729E15 /* Student+Swizzle.m */ = {isa = PBXFileReference; fileEncoding = 4; lastKnownFileType = sourcecode.c.objc; path = "Student+Swizzle.m"; sourceTree = "<group>"; };
/* End PBXFileReference section */

/* Begin PBXFrameworksBuildPhase section */
		CEC1000C1F1DBA0200729E15 /* Frameworks */ = {
			isa = PBXFrameworksBuildPhase;
			buildActionMask = 2147483647;
			files = (
			);
			runOnlyForDeploymentPostprocessing = 0;
		};
/* End PBXFrameworksBuildPhase section */

/* Begin PBXGroup section */
		CEC100061F1DBA0200729E15 = {
			isa = PBXGroup;
			children = (
				CEC100111F1DBA0200729E15 /* RSSwizzleDemo */,
				CEC100101F1DBA0200729E15 /* Products */,
			);
			sourceTree = "<group>";
		};
		CEC100101F1DBA0200729E15 /* Products */ = {
			isa = PBXGroup;
			children = (
				CEC1000F1F1DBA0200729E15 /* RSSwizzleDemo.app */,
			);
			name = Products;
			sourceTree = "<group>";
		};
		CEC100111F1DBA0200729E15 /* RSSwizzleDemo */ = {
			isa = PBXGroup;
			children = (
				CEC100291F1DBA0C00729E15 /* RSSwizzle.h */,
				CEC1002A1F1DBA0C00729E15 /* RSSwizzle.m */,
				CEC1002C1F1DBA1C00729E15 /* Person.h */,
				CEC1002D1F1DBA1C00729E15 /* Person.m */,
				CEC1002E1F1DBA1C00729E15 /* Student.h */,
				CEC1002F1F1DBA1C00729E15 /* Student.m */,
				CEC100151F1DBA0200729E15 /* AppDelegate.h */,
				CEC100161F1DBA0200729E15 /* AppDelegate.m */,
				CEC100181F1DBA0200729E15 /* ViewController.h */,
				CEC100191F1DBA0200729E15 /* ViewController.m */,
				CEC1001B1F1DBA0200729E15 /* Main.storyboard */,
				CEC1001E1F1DBA0200729E15 /* Assets.xcassets */,
				CEC100201F1DBA0200729E15 /* LaunchScreen.storyboard */,
				CEC100231F1DBA0200729E15 /* Info.plist */,
				CEC100121F1DBA0200729E15 /* Supporting Files */,
				CEC100321F1DBA7300729E15 /* Student+Swizzle.h */,
				CEC100331F1DBA7300729E15 /* Student+Swizzle.m */,
			);
			path = RSSwizzleDemo;
			sourceTree = "<group>";
		};
		CEC100121F1DBA0200729E15 /* Supporting Files */ = {
			isa = PBXGroup;
			children = (
				CEC100131F1DBA0200729E15 /* main.m */,
			);
			name = "Supporting Files";
			sourceTree = "<group>";
		};
/* End PBXGroup section */

/* Begin PBXNativeTarget section */
		CEC1000E1F1DBA0200729E15 /* RSSwizzleDemo */ = {
			isa = PBXNativeTarget;
			buildConfigurationList = CEC100261F1DBA0200729E15 /* Build configuration list for PBXNativeTarget "RSSwizzleDemo" */;
			buildPhases = (
				CEC1000B1F1DBA0200729E15 /* Sources */,
				CEC1000C1F1DBA0200729E15 /* Frameworks */,
				CEC1000D1F1DBA0200729E15 /* Resources */,
			);
			buildRules = (
			);
			dependencies = (
			);
			name = RSSwizzleDemo;
			productName = RSSwizzleDemo;
			productReference = CEC1000F1F1DBA0200729E15 /* RSSwizzleDemo.app */;
			productType = "com.apple.product-type.application";
		};
/* End PBXNativeTarget section */

/* Begin PBXProject section */
		CEC100071F1DBA0200729E15 /* Project object */ = {
			isa = PBXProject;
			attributes = {
				LastUpgradeCheck = 0830;
				ORGANIZATIONNAME = nero;
				TargetAttributes = {
					CEC1000E1F1DBA0200729E15 = {
						CreatedOnToolsVersion = 8.3.3;
						ProvisioningStyle = Automatic;
					};
				};
			};
			buildConfigurationList = CEC1000A1F1DBA0200729E15 /* Build configuration list for PBXProject "RSSwizzleDemo" */;
			compatibilityVersion = "Xcode 3.2";
			developmentRegion = English;
			hasScannedForEncodings = 0;
			knownRegions = (
				en,
				Base,
			);
			mainGroup = CEC100061F1DBA0200729E15;
			productRefGroup = CEC100101F1DBA0200729E15 /* Products */;
			projectDirPath = "";
			projectRoot = "";
			targets = (
				CEC1000E1F1DBA0200729E15 /* RSSwizzleDemo */,
			);
		};
/* End PBXProject section */

/* Begin PBXResourcesBuildPhase section */
		CEC1000D1F1DBA0200729E15 /* Resources */ = {
			isa = PBXResourcesBuildPhase;
			buildActionMask = 2147483647;
			files = (
				CEC100221F1DBA0200729E15 /* LaunchScreen.storyboard in Resources */,
				CEC1001F1F1DBA0200729E15 /* Assets.xcassets in Resources */,
				CEC1001D1F1DBA0200729E15 /* Main.storyboard in Resources */,
			);
			runOnlyForDeploymentPostprocessing = 0;
		};
/* End PBXResourcesBuildPhase section */

/* Begin PBXSourcesBuildPhase section */
		CEC1000B1F1DBA0200729E15 /* Sources */ = {
			isa = PBXSourcesBuildPhase;
			buildActionMask = 2147483647;
			files = (
				CEC1001A1F1DBA0200729E15 /* ViewController.m in Sources */,
				CEC100171F1DBA0200729E15 /* AppDelegate.m in Sources */,
				CEC100341F1DBA7300729E15 /* Student+Swizzle.m in Sources */,
				CEC100301F1DBA1C00729E15 /* Person.m in Sources */,
				CEC100141F1DBA0200729E15 /* main.m in Sources */,
				CEC1002B1F1DBA0C00729E15 /* RSSwizzle.m in Sources */,
				CEC100311F1DBA1C00729E15 /* Student.m in Sources */,
			);
			runOnlyForDeploymentPostprocessing = 0;
		};
/* End PBXSourcesBuildPhase section */

/* Begin PBXVariantGroup section */
		CEC1001B1F1DBA0200729E15 /* Main.storyboard */ = {
			isa = PBXVariantGroup;
			children = (
				CEC1001C1F1DBA0200729E15 /* Base */,
			);
			name = Main.storyboard;
			sourceTree = "<group>";
		};
		CEC100201F1DBA0200729E15 /* LaunchScreen.storyboard */ = {
			isa = PBXVariantGroup;
			children = (
				CEC100211F1DBA0200729E15 /* Base */,
			);
			name = LaunchScreen.storyboard;
			sourceTree = "<group>";
		};
/* End PBXVariantGroup section */

/* Begin XCBuildConfiguration section */
		CEC100241F1DBA0200729E15 /* Debug */ = {
			isa = XCBuildConfiguration;
			buildSettings = {
				ALWAYS_SEARCH_USER_PATHS = NO;
				CLANG_ANALYZER_NONNULL = YES;
				CLANG_ANALYZER_NUMBER_OBJECT_CONVERSION = YES_AGGRESSIVE;
				CLANG_CXX_LANGUAGE_STANDARD = "gnu++0x";
				CLANG_CXX_LIBRARY = "libc++";
				CLANG_ENABLE_MODULES = YES;
				CLANG_ENABLE_OBJC_ARC = YES;
				CLANG_WARN_BOOL_CONVERSION = YES;
				CLANG_WARN_CONSTANT_CONVERSION = YES;
				CLANG_WARN_DIRECT_OBJC_ISA_USAGE = YES_ERROR;
				CLANG_WARN_DOCUMENTATION_COMMENTS = YES;
				CLANG_WARN_EMPTY_BODY = YES;
				CLANG_WARN_ENUM_CONVERSION = YES;
				CLANG_WARN_INFINITE_RECURSION = YES;
				CLANG_WARN_INT_CONVERSION = YES;
				CLANG_WARN_OBJC_ROOT_CLASS = YES_ERROR;
				CLANG_WARN_SUSPICIOUS_MOVE = YES;
				CLANG_WARN_UNREACHABLE_CODE = YES;
				CLANG_WARN__DUPLICATE_METHOD_MATCH = YES;
				"CODE_SIGN_IDENTITY[sdk=iphoneos*]" = "iPhone Developer";
				COPY_PHASE_STRIP = NO;
				DEBUG_INFORMATION_FORMAT = dwarf;
				ENABLE_STRICT_OBJC_MSGSEND = YES;
				ENABLE_TESTABILITY = YES;
				GCC_C_LANGUAGE_STANDARD = gnu99;
				GCC_DYNAMIC_NO_PIC = NO;
				GCC_NO_COMMON_BLOCKS = YES;
				GCC_OPTIMIZATION_LEVEL = 0;
				GCC_PREPROCESSOR_DEFINITIONS = (
					"DEBUG=1",
					"$(inherited)",
				);
				GCC_WARN_64_TO_32_BIT_CONVERSION = YES;
				GCC_WARN_ABOUT_RETURN_TYPE = YES_ERROR;
				GCC_WARN_UNDECLARED_SELECTOR = YES;
				GCC_WARN_UNINITIALIZED_AUTOS = YES_AGGRESSIVE;
				GCC_WARN_UNUSED_FUNCTION = YES;
				GCC_WARN_UNUSED_VARIABLE = YES;
				IPHONEOS_DEPLOYMENT_TARGET = 10.3;
				MTL_ENABLE_DEBUG_INFO = YES;
				ONLY_ACTIVE_ARCH = YES;
				SDKROOT = iphoneos;
			};
			name = Debug;
		};
		CEC100251F1DBA0200729E15 /* Release */ = {
			isa = XCBuildConfiguration;
			buildSettings = {
				ALWAYS_SEARCH_USER_PATHS = NO;
				CLANG_ANALYZER_NONNULL = YES;
				CLANG_ANALYZER_NUMBER_OBJECT_CONVERSION = YES_AGGRESSIVE;
				CLANG_CXX_LANGUAGE_STANDARD = "gnu++0x";
				CLANG_CXX_LIBRARY = "libc++";
				CLANG_ENABLE_MODULES = YES;
				CLANG_ENABLE_OBJC_ARC = YES;
				CLANG_WARN_BOOL_CONVERSION = YES;
				CLANG_WARN_CONSTANT_CONVERSION = YES;
				CLANG_WARN_DIRECT_OBJC_ISA_USAGE = YES_ERROR;
				CLANG_WARN_DOCUMENTATION_COMMENTS = YES;
				CLANG_WARN_EMPTY_BODY = YES;
				CLANG_WARN_ENUM_CONVERSION = YES;
				CLANG_WARN_INFINITE_RECURSION = YES;
				CLANG_WARN_INT_CONVERSION = YES;
				CLANG_WARN_OBJC_ROOT_CLASS = YES_ERROR;
				CLANG_WARN_SUSPICIOUS_MOVE = YES;
				CLANG_WARN_UNREACHABLE_CODE = YES;
				CLANG_WARN__DUPLICATE_METHOD_MATCH = YES;
				"CODE_SIGN_IDENTITY[sdk=iphoneos*]" = "iPhone Developer";
				COPY_PHASE_STRIP = NO;
				DEBUG_INFORMATION_FORMAT = "dwarf-with-dsym";
				ENABLE_NS_ASSERTIONS = NO;
				ENABLE_STRICT_OBJC_MSGSEND = YES;
				GCC_C_LANGUAGE_STANDARD = gnu99;
				GCC_NO_COMMON_BLOCKS = YES;
				GCC_WARN_64_TO_32_BIT_CONVERSION = YES;
				GCC_WARN_ABOUT_RETURN_TYPE = YES_ERROR;
				GCC_WARN_UNDECLARED_SELECTOR = YES;
				GCC_WARN_UNINITIALIZED_AUTOS = YES_AGGRESSIVE;
				GCC_WARN_UNUSED_FUNCTION = YES;
				GCC_WARN_UNUSED_VARIABLE = YES;
				IPHONEOS_DEPLOYMENT_TARGET = 10.3;
				MTL_ENABLE_DEBUG_INFO = NO;
				SDKROOT = iphoneos;
				VALIDATE_PRODUCT = YES;
			};
			name = Release;
		};
		CEC100271F1DBA0200729E15 /* Debug */ = {
			isa = XCBuildConfiguration;
			buildSettings = {
				ASSETCATALOG_COMPILER_APPICON_NAME = AppIcon;
				INFOPLIST_FILE = RSSwizzleDemo/Info.plist;
				LD_RUNPATH_SEARCH_PATHS = "$(inherited) @executable_path/Frameworks";
				PRODUCT_BUNDLE_IDENTIFIER = com.jiangyi.RSSwizzleDemo;
				PRODUCT_NAME = "$(TARGET_NAME)";
			};
			name = Debug;
		};
		CEC100281F1DBA0200729E15 /* Release */ = {
			isa = XCBuildConfiguration;
			buildSettings = {
				ASSETCATALOG_COMPILER_APPICON_NAME = AppIcon;
				INFOPLIST_FILE = RSSwizzleDemo/Info.plist;
				LD_RUNPATH_SEARCH_PATHS = "$(inherited) @executable_path/Frameworks";
				PRODUCT_BUNDLE_IDENTIFIER = com.jiangyi.RSSwizzleDemo;
				PRODUCT_NAME = "$(TARGET_NAME)";
			};
			name = Release;
		};
/* End XCBuildConfiguration section */

/* Begin XCConfigurationList section */
		CEC1000A1F1DBA0200729E15 /* Build configuration list for PBXProject "RSSwizzleDemo" */ = {
			isa = XCConfigurationList;
			buildConfigurations = (
				CEC100241F1DBA0200729E15 /* Debug */,
				CEC100251F1DBA0200729E15 /* Release */,
			);
			defaultConfigurationIsVisible = 0;
			defaultConfigurationName = Release;
		};
		CEC100261F1DBA0200729E15 /* Build configuration list for PBXNativeTarget "RSSwizzleDemo" */ = {
			isa = XCConfigurationList;
			buildConfigurations = (
				CEC100271F1DBA0200729E15 /* Debug */,
				CEC100281F1DBA0200729E15 /* Release */,
			);
			defaultConfigurationIsVisible = 0;
		};
/* End XCConfigurationList section */
	};
	rootObject = CEC100071F1DBA0200729E15 /* Project object */;
}
